
Microsoft Visual Studio Solution File, Format Version 12.00
# Visual Studio Version 17
VisualStudioVersion = 17.1.32414.318
MinimumVisualStudioVersion = 10.0.40219.1
Project("{9A19103F-16F7-4668-BE54-9A1E7A4F7556}") = "KafkaDeserPerf", "KafkaDeserPerf\KafkaDeserPerf.csproj", "{24590070-51D0-4190-AACF-D09F3634A5F5}"
EndProject
Project("{9A19103F-16F7-4668-BE54-9A1E7A4F7556}") = "Tests", "Tests\Tests.csproj", "{40D6C13D-95E2-400C-8AD5-95F739E1EF32}"
EndProject
Global
	GlobalSection(SolutionConfigurationPlatforms) = preSolution
		Debug|Any CPU = Debug|Any CPU
		Release|Any CPU = Release|Any CPU
	EndGlobalSection
	GlobalSection(ProjectConfigurationPlatforms) = postSolution
		{24590070-51D0-4190-AACF-D09F3634A5F5}.Debug|Any CPU.ActiveCfg = Debug|Any CPU
		{24590070-51D0-4190-AACF-D09F3634A5F5}.Debug|Any CPU.Build.0 = Debug|Any CPU
		{24590070-51D0-4190-AACF-D09F3634A5F5}.Release|Any CPU.ActiveCfg = Release|Any CPU
		{24590070-51D0-4190-AACF-D09F3634A5F5}.Release|Any CPU.Build.0 = Release|Any CPU
		{40D6C13D-95E2-400C-8AD5-95F739E1EF32}.Debug|Any CPU.ActiveCfg = Debug|Any CPU
		{40D6C13D-95E2-400C-8AD5-95F739E1EF32}.Debug|Any CPU.Build.0 = Debug|Any CPU
		{40D6C13D-95E2-400C-8AD5-95F739E1EF32}.Release|Any CPU.ActiveCfg = Release|Any CPU
		{40D6C13D-95E2-400C-8AD5-95F739E1EF32}.Release|Any CPU.Build.0 = Release|Any CPU
	EndGlobalSection
	GlobalSection(SolutionProperties) = preSolution
		HideSolutionNode = FALSE
	EndGlobalSection
	GlobalSection(ExtensibilityGlobals) = postSolution
		SolutionGuid = {984656C3-A4BD-4A3B-A45B-8E31CFF56551}
	EndGlobalSection
EndGlobal
